// !$*UTF8*$!
{
	archiveVersion = 1;
	classes = {
	};
	objectVersion = 46;
	objects = {

/* Begin PBXBuildFile section */
		CC0412B21F17D14200E0A80C /* AppDelegate.swift in Sources */ = {isa = PBXBuildFile; fileRef = CC0412B11F17D14200E0A80C /* AppDelegate.swift */; };
		CC0412B41F17D14200E0A80C /* ViewController.swift in Sources */ = {isa = PBXBuildFile; fileRef = CC0412B31F17D14200E0A80C /* ViewController.swift */; };
		CC0412B71F17D14200E0A80C /* Main.storyboard in Resources */ = {isa = PBXBuildFile; fileRef = CC0412B51F17D14200E0A80C /* Main.storyboard */; };
		CC0412B91F17D14200E0A80C /* Assets.xcassets in Resources */ = {isa = PBXBuildFile; fileRef = CC0412B81F17D14200E0A80C /* Assets.xcassets */; };
		CC0412BC1F17D14200E0A80C /* LaunchScreen.storyboard in Resources */ = {isa = PBXBuildFile; fileRef = CC0412BA1F17D14200E0A80C /* LaunchScreen.storyboard */; };
		CC0412C71F17D14200E0A80C /* VOCoreTextTests.swift in Sources */ = {isa = PBXBuildFile; fileRef = CC0412C61F17D14200E0A80C /* VOCoreTextTests.swift */; };
		CC0412D21F17D14200E0A80C /* VOCoreTextUITests.swift in Sources */ = {isa = PBXBuildFile; fileRef = CC0412D11F17D14200E0A80C /* VOCoreTextUITests.swift */; };
/* End PBXBuildFile section */

/* Begin PBXContainerItemProxy section */
		CC0412C31F17D14200E0A80C /* PBXContainerItemProxy */ = {
			isa = PBXContainerItemProxy;
			containerPortal = CC0412A61F17D14200E0A80C /* Project object */;
			proxyType = 1;
			remoteGlobalIDString = CC0412AD1F17D14200E0A80C;
			remoteInfo = VOCoreText;
		};
		CC0412CE1F17D14200E0A80C /* PBXContainerItemProxy */ = {
			isa = PBXContainerItemProxy;
			containerPortal = CC0412A61F17D14200E0A80C /* Project object */;
			proxyType = 1;
			remoteGlobalIDString = CC0412AD1F17D14200E0A80C;
			remoteInfo = VOCoreText;
		};
/* End PBXContainerItemProxy section */

/* Begin PBXFileReference section */
		CC0412AE1F17D14200E0A80C /* VOCoreText.app */ = {isa = PBXFileReference; explicitFileType = wrapper.application; includeInIndex = 0; path = VOCoreText.app; sourceTree = BUILT_PRODUCTS_DIR; };
		CC0412B11F17D14200E0A80C /* AppDelegate.swift */ = {isa = PBXFileReference; lastKnownFileType = sourcecode.swift; path = AppDelegate.swift; sourceTree = "<group>"; };
		CC0412B31F17D14200E0A80C /* ViewController.swift */ = {isa = PBXFileReference; lastKnownFileType = sourcecode.swift; path = ViewController.swift; sourceTree = "<group>"; };
		CC0412B61F17D14200E0A80C /* Base */ = {isa = PBXFileReference; lastKnownFileType = file.storyboard; name = Base; path = Base.lproj/Main.storyboard; sourceTree = "<group>"; };
		CC0412B81F17D14200E0A80C /* Assets.xcassets */ = {isa = PBXFileReference; lastKnownFileType = folder.assetcatalog; path = Assets.xcassets; sourceTree = "<group>"; };
		CC0412BB1F17D14200E0A80C /* Base */ = {isa = PBXFileReference; lastKnownFileType = file.storyboard; name = Base; path = Base.lproj/LaunchScreen.storyboard; sourceTree = "<group>"; };
		CC0412BD1F17D14200E0A80C /* Info.plist */ = {isa = PBXFileReference; lastKnownFileType = text.plist.xml; path = Info.plist; sourceTree = "<group>"; };
		CC0412C21F17D14200E0A80C /* VOCoreTextTests.xctest */ = {isa = PBXFileReference; explicitFileType = wrapper.cfbundle; includeInIndex = 0; path = VOCoreTextTests.xctest; sourceTree = BUILT_PRODUCTS_DIR; };
		CC0412C61F17D14200E0A80C /* VOCoreTextTests.swift */ = {isa = PBXFileReference; lastKnownFileType = sourcecode.swift; path = VOCoreTextTests.swift; sourceTree = "<group>"; };
		CC0412C81F17D14200E0A80C /* Info.plist */ = {isa = PBXFileReference; lastKnownFileType = text.plist.xml; path = Info.plist; sourceTree = "<group>"; };
		CC0412CD1F17D14200E0A80C /* VOCoreTextUITests.xctest */ = {isa = PBXFileReference; explicitFileType = wrapper.cfbundle; includeInIndex = 0; path = VOCoreTextUITests.xctest; sourceTree = BUILT_PRODUCTS_DIR; };
		CC0412D11F17D14200E0A80C /* VOCoreTextUITests.swift */ = {isa = PBXFileReference; lastKnownFileType = sourcecode.swift; path = VOCoreTextUITests.swift; sourceTree = "<group>"; };
		CC0412D31F17D14200E0A80C /* Info.plist */ = {isa = PBXFileReference; lastKnownFileType = text.plist.xml; path = Info.plist; sourceTree = "<group>"; };
/* End PBXFileReference section */

/* Begin PBXFrameworksBuildPhase section */
		CC0412AB1F17D14200E0A80C /* Frameworks */ = {
			isa = PBXFrameworksBuildPhase;
			buildActionMask = 2147483647;
			files = (
			);
			runOnlyForDeploymentPostprocessing = 0;
		};
		CC0412BF1F17D14200E0A80C /* Frameworks */ = {
			isa = PBXFrameworksBuildPhase;
			buildActionMask = 2147483647;
			files = (
			);
			runOnlyForDeploymentPostprocessing = 0;
		};
		CC0412CA1F17D14200E0A80C /* Frameworks */ = {
			isa = PBXFrameworksBuildPhase;
			buildActionMask = 2147483647;
			files = (
			);
			runOnlyForDeploymentPostprocessing = 0;
		};
/* End PBXFrameworksBuildPhase section */

/* Begin PBXGroup section */
		CC0412A51F17D14200E0A80C = {
			isa = PBXGroup;
			children = (
				CC0412B01F17D14200E0A80C /* VOCoreText */,
				CC0412C51F17D14200E0A80C /* VOCoreTextTests */,
				CC0412D01F17D14200E0A80C /* VOCoreTextUITests */,
				CC0412AF1F17D14200E0A80C /* Products */,
			);
			sourceTree = "<group>";
		};
		CC0412AF1F17D14200E0A80C /* Products */ = {
			isa = PBXGroup;
			children = (
				CC0412AE1F17D14200E0A80C /* VOCoreText.app */,
				CC0412C21F17D14200E0A80C /* VOCoreTextTests.xctest */,
				CC0412CD1F17D14200E0A80C /* VOCoreTextUITests.xctest */,
			);
			name = Products;
			sourceTree = "<group>";
		};
		CC0412B01F17D14200E0A80C /* VOCoreText */ = {
			isa = PBXGroup;
			children = (
				CC0412B11F17D14200E0A80C /* AppDelegate.swift */,
				CC0412B31F17D14200E0A80C /* ViewController.swift */,
				CC0412B51F17D14200E0A80C /* Main.storyboard */,
				CC0412B81F17D14200E0A80C /* Assets.xcassets */,
				CC0412BA1F17D14200E0A80C /* LaunchScreen.storyboard */,
				CC0412BD1F17D14200E0A80C /* Info.plist */,
			);
			path = VOCoreText;
			sourceTree = "<group>";
		};
		CC0412C51F17D14200E0A80C /* VOCoreTextTests */ = {
			isa = PBXGroup;
			children = (
				CC0412C61F17D14200E0A80C /* VOCoreTextTests.swift */,
				CC0412C81F17D14200E0A80C /* Info.plist */,
			);
			path = VOCoreTextTests;
			sourceTree = "<group>";
		};
		CC0412D01F17D14200E0A80C /* VOCoreTextUITests */ = {
			isa = PBXGroup;
			children = (
				CC0412D11F17D14200E0A80C /* VOCoreTextUITests.swift */,
				CC0412D31F17D14200E0A80C /* Info.plist */,
			);
			path = VOCoreTextUITests;
			sourceTree = "<group>";
		};
/* End PBXGroup section */

/* Begin PBXNativeTarget section */
		CC0412AD1F17D14200E0A80C /* VOCoreText */ = {
			isa = PBXNativeTarget;
			buildConfigurationList = CC0412D61F17D14200E0A80C /* Build configuration list for PBXNativeTarget "VOCoreText" */;
			buildPhases = (
				CC0412AA1F17D14200E0A80C /* Sources */,
				CC0412AB1F17D14200E0A80C /* Frameworks */,
				CC0412AC1F17D14200E0A80C /* Resources */,
			);
			buildRules = (
			);
			dependencies = (
			);
			name = VOCoreText;
			productName = VOCoreText;
			productReference = CC0412AE1F17D14200E0A80C /* VOCoreText.app */;
			productType = "com.apple.product-type.application";
		};
		CC0412C11F17D14200E0A80C /* VOCoreTextTests */ = {
			isa = PBXNativeTarget;
			buildConfigurationList = CC0412D91F17D14200E0A80C /* Build configuration list for PBXNativeTarget "VOCoreTextTests" */;
			buildPhases = (
				CC0412BE1F17D14200E0A80C /* Sources */,
				CC0412BF1F17D14200E0A80C /* Frameworks */,
				CC0412C01F17D14200E0A80C /* Resources */,
			);
			buildRules = (
			);
			dependencies = (
				CC0412C41F17D14200E0A80C /* PBXTargetDependency */,
			);
			name = VOCoreTextTests;
			productName = VOCoreTextTests;
			productReference = CC0412C21F17D14200E0A80C /* VOCoreTextTests.xctest */;
			productType = "com.apple.product-type.bundle.unit-test";
		};
		CC0412CC1F17D14200E0A80C /* VOCoreTextUITests */ = {
			isa = PBXNativeTarget;
			buildConfigurationList = CC0412DC1F17D14200E0A80C /* Build configuration list for PBXNativeTarget "VOCoreTextUITests" */;
			buildPhases = (
				CC0412C91F17D14200E0A80C /* Sources */,
				CC0412CA1F17D14200E0A80C /* Frameworks */,
				CC0412CB1F17D14200E0A80C /* Resources */,
			);
			buildRules = (
			);
			dependencies = (
				CC0412CF1F17D14200E0A80C /* PBXTargetDependency */,
			);
			name = VOCoreTextUITests;
			productName = VOCoreTextUITests;
			productReference = CC0412CD1F17D14200E0A80C /* VOCoreTextUITests.xctest */;
			productType = "com.apple.product-type.bundle.ui-testing";
		};
/* End PBXNativeTarget section */

/* Begin PBXProject section */
		CC0412A61F17D14200E0A80C /* Project object */ = {
			isa = PBXProject;
			attributes = {
				LastSwiftUpdateCheck = 0830;
				LastUpgradeCheck = 0830;
				ORGANIZATIONNAME = VincoOrbis;
				TargetAttributes = {
					CC0412AD1F17D14200E0A80C = {
						CreatedOnToolsVersion = 8.3.3;
						DevelopmentTeam = Z9289CTFX8;
						ProvisioningStyle = Automatic;
					};
					CC0412C11F17D14200E0A80C = {
						CreatedOnToolsVersion = 8.3.3;
						DevelopmentTeam = Z9289CTFX8;
						ProvisioningStyle = Automatic;
						TestTargetID = CC0412AD1F17D14200E0A80C;
					};
					CC0412CC1F17D14200E0A80C = {
						CreatedOnToolsVersion = 8.3.3;
						DevelopmentTeam = Z9289CTFX8;
						ProvisioningStyle = Automatic;
						TestTargetID = CC0412AD1F17D14200E0A80C;
					};
				};
			};
			buildConfigurationList = CC0412A91F17D14200E0A80C /* Build configuration list for PBXProject "VOCoreText" */;
			compatibilityVersion = "Xcode 3.2";
			developmentRegion = English;
			hasScannedForEncodings = 0;
			knownRegions = (
				en,
				Base,
			);
			mainGroup = CC0412A51F17D14200E0A80C;
			productRefGroup = CC0412AF1F17D14200E0A80C /* Products */;
			projectDirPath = "";
			projectRoot = "";
			targets = (
				CC0412AD1F17D14200E0A80C /* VOCoreText */,
				CC0412C11F17D14200E0A80C /* VOCoreTextTests */,
				CC0412CC1F17D14200E0A80C /* VOCoreTextUITests */,
			);
		};
/* End PBXProject section */

/* Begin PBXResourcesBuildPhase section */
		CC0412AC1F17D14200E0A80C /* Resources */ = {
			isa = PBXResourcesBuildPhase;
			buildActionMask = 2147483647;
			files = (
				CC0412BC1F17D14200E0A80C /* LaunchScreen.storyboard in Resources */,
				CC0412B91F17D14200E0A80C /* Assets.xcassets in Resources */,
				CC0412B71F17D14200E0A80C /* Main.storyboard in Resources */,
			);
			runOnlyForDeploymentPostprocessing = 0;
		};
		CC0412C01F17D14200E0A80C /* Resources */ = {
			isa = PBXResourcesBuildPhase;
			buildActionMask = 2147483647;
			files = (
			);
			runOnlyForDeploymentPostprocessing = 0;
		};
		CC0412CB1F17D14200E0A80C /* Resources */ = {
			isa = PBXResourcesBuildPhase;
			buildActionMask = 2147483647;
			files = (
			);
			runOnlyForDeploymentPostprocessing = 0;
		};
/* End PBXResourcesBuildPhase section */

/* Begin PBXSourcesBuildPhase section */
		CC0412AA1F17D14200E0A80C /* Sources */ = {
			isa = PBXSourcesBuildPhase;
			buildActionMask = 2147483647;
			files = (
				CC0412B41F17D14200E0A80C /* ViewController.swift in Sources */,
				CC0412B21F17D14200E0A80C /* AppDelegate.swift in Sources */,
			);
			runOnlyForDeploymentPostprocessing = 0;
		};
		CC0412BE1F17D14200E0A80C /* Sources */ = {
			isa = PBXSourcesBuildPhase;
			buildActionMask = 2147483647;
			files = (
				CC0412C71F17D14200E0A80C /* VOCoreTextTests.swift in Sources */,
			);
			runOnlyForDeploymentPostprocessing = 0;
		};
		CC0412C91F17D14200E0A80C /* Sources */ = {
			isa = PBXSourcesBuildPhase;
			buildActionMask = 2147483647;
			files = (
				CC0412D21F17D14200E0A80C /* VOCoreTextUITests.swift in Sources */,
			);
			runOnlyForDeploymentPostprocessing = 0;
		};
/* End PBXSourcesBuildPhase section */

/* Begin PBXTargetDependency section */
		CC0412C41F17D14200E0A80C /* PBXTargetDependency */ = {
			isa = PBXTargetDependency;
			target = CC0412AD1F17D14200E0A80C /* VOCoreText */;
			targetProxy = CC0412C31F17D14200E0A80C /* PBXContainerItemProxy */;
		};
		CC0412CF1F17D14200E0A80C /* PBXTargetDependency */ = {
			isa = PBXTargetDependency;
			target = CC0412AD1F17D14200E0A80C /* VOCoreText */;
			targetProxy = CC0412CE1F17D14200E0A80C /* PBXContainerItemProxy */;
		};
/* End PBXTargetDependency section */

/* Begin PBXVariantGroup section */
		CC0412B51F17D14200E0A80C /* Main.storyboard */ = {
			isa = PBXVariantGroup;
			children = (
				CC0412B61F17D14200E0A80C /* Base */,
			);
			name = Main.storyboard;
			sourceTree = "<group>";
		};
		CC0412BA1F17D14200E0A80C /* LaunchScreen.storyboard */ = {
			isa = PBXVariantGroup;
			children = (
				CC0412BB1F17D14200E0A80C /* Base */,
			);
			name = LaunchScreen.storyboard;
			sourceTree = "<group>";
		};
/* End PBXVariantGroup section */

/* Begin XCBuildConfiguration section */
		CC0412D41F17D14200E0A80C /* Debug */ = {
			isa = XCBuildConfiguration;
			buildSettings = {
				ALWAYS_SEARCH_USER_PATHS = NO;
				CLANG_ANALYZER_NONNULL = YES;
				CLANG_ANALYZER_NUMBER_OBJECT_CONVERSION = YES_AGGRESSIVE;
				CLANG_CXX_LANGUAGE_STANDARD = "gnu++0x";
				CLANG_CXX_LIBRARY = "libc++";
				CLANG_ENABLE_MODULES = YES;
				CLANG_ENABLE_OBJC_ARC = YES;
				CLANG_WARN_BOOL_CONVERSION = YES;
				CLANG_WARN_CONSTANT_CONVERSION = YES;
				CLANG_WARN_DIRECT_OBJC_ISA_USAGE = YES_ERROR;
				CLANG_WARN_DOCUMENTATION_COMMENTS = YES;
				CLANG_WARN_EMPTY_BODY = YES;
				CLANG_WARN_ENUM_CONVERSION = YES;
				CLANG_WARN_INFINITE_RECURSION = YES;
				CLANG_WARN_INT_CONVERSION = YES;
				CLANG_WARN_OBJC_ROOT_CLASS = YES_ERROR;
				CLANG_WARN_SUSPICIOUS_MOVE = YES;
				CLANG_WARN_UNREACHABLE_CODE = YES;
				CLANG_WARN__DUPLICATE_METHOD_MATCH = YES;
				"CODE_SIGN_IDENTITY[sdk=iphoneos*]" = "iPhone Developer";
				COPY_PHASE_STRIP = NO;
				DEBUG_INFORMATION_FORMAT = dwarf;
				ENABLE_STRICT_OBJC_MSGSEND = YES;
				ENABLE_TESTABILITY = YES;
				GCC_C_LANGUAGE_STANDARD = gnu99;
				GCC_DYNAMIC_NO_PIC = NO;
				GCC_NO_COMMON_BLOCKS = YES;
				GCC_OPTIMIZATION_LEVEL = 0;
				GCC_PREPROCESSOR_DEFINITIONS = (
					"DEBUG=1",
					"$(inherited)",
				);
				GCC_WARN_64_TO_32_BIT_CONVERSION = YES;
				GCC_WARN_ABOUT_RETURN_TYPE = YES_ERROR;
				GCC_WARN_UNDECLARED_SELECTOR = YES;
				GCC_WARN_UNINITIALIZED_AUTOS = YES_AGGRESSIVE;
				GCC_WARN_UNUSED_FUNCTION = YES;
				GCC_WARN_UNUSED_VARIABLE = YES;
				IPHONEOS_DEPLOYMENT_TARGET = 10.3;
				MTL_ENABLE_DEBUG_INFO = YES;
				ONLY_ACTIVE_ARCH = YES;
				SDKROOT = iphoneos;
				SWIFT_ACTIVE_COMPILATION_CONDITIONS = DEBUG;
				SWIFT_OPTIMIZATION_LEVEL = "-Onone";
			};
			name = Debug;
		};
		CC0412D51F17D14200E0A80C /* Release */ = {
			isa = XCBuildConfiguration;
			buildSettings = {
				ALWAYS_SEARCH_USER_PATHS = NO;
				CLANG_ANALYZER_NONNULL = YES;
				CLANG_ANALYZER_NUMBER_OBJECT_CONVERSION = YES_AGGRESSIVE;
				CLANG_CXX_LANGUAGE_STANDARD = "gnu++0x";
				CLANG_CXX_LIBRARY = "libc++";
				CLANG_ENABLE_MODULES = YES;
				CLANG_ENABLE_OBJC_ARC = YES;
				CLANG_WARN_BOOL_CONVERSION = YES;
				CLANG_WARN_CONSTANT_CONVERSION = YES;
				CLANG_WARN_DIRECT_OBJC_ISA_USAGE = YES_ERROR;
				CLANG_WARN_DOCUMENTATION_COMMENTS = YES;
				CLANG_WARN_EMPTY_BODY = YES;
				CLANG_WARN_ENUM_CONVERSION = YES;
				CLANG_WARN_INFINITE_RECURSION = YES;
				CLANG_WARN_INT_CONVERSION = YES;
				CLANG_WARN_OBJC_ROOT_CLASS = YES_ERROR;
				CLANG_WARN_SUSPICIOUS_MOVE = YES;
				CLANG_WARN_UNREACHABLE_CODE = YES;
				CLANG_WARN__DUPLICATE_METHOD_MATCH = YES;
				"CODE_SIGN_IDENTITY[sdk=iphoneos*]" = "iPhone Developer";
				COPY_PHASE_STRIP = NO;
				DEBUG_INFORMATION_FORMAT = "dwarf-with-dsym";
				ENABLE_NS_ASSERTIONS = NO;
				ENABLE_STRICT_OBJC_MSGSEND = YES;
				GCC_C_LANGUAGE_STANDARD = gnu99;
				GCC_NO_COMMON_BLOCKS = YES;
				GCC_WARN_64_TO_32_BIT_CONVERSION = YES;
				GCC_WARN_ABOUT_RETURN_TYPE = YES_ERROR;
				GCC_WARN_UNDECLARED_SELECTOR = YES;
				GCC_WARN_UNINITIALIZED_AUTOS = YES_AGGRESSIVE;
				GCC_WARN_UNUSED_FUNCTION = YES;
				GCC_WARN_UNUSED_VARIABLE = YES;
				IPHONEOS_DEPLOYMENT_TARGET = 10.3;
				MTL_ENABLE_DEBUG_INFO = NO;
				SDKROOT = iphoneos;
				SWIFT_OPTIMIZATION_LEVEL = "-Owholemodule";
				VALIDATE_PRODUCT = YES;
			};
			name = Release;
		};
		CC0412D71F17D14200E0A80C /* Debug */ = {
			isa = XCBuildConfiguration;
			buildSettings = {
				ASSETCATALOG_COMPILER_APPICON_NAME = AppIcon;
				DEVELOPMENT_TEAM = Z9289CTFX8;
				INFOPLIST_FILE = VOCoreText/Info.plist;
				LD_RUNPATH_SEARCH_PATHS = "$(inherited) @executable_path/Frameworks";
				PRODUCT_BUNDLE_IDENTIFIER = com.vincoorbis.VOCoreText;
				PRODUCT_NAME = "$(TARGET_NAME)";
				SWIFT_VERSION = 3.0;
			};
			name = Debug;
		};
		CC0412D81F17D14200E0A80C /* Release */ = {
			isa = XCBuildConfiguration;
			buildSettings = {
				ASSETCATALOG_COMPILER_APPICON_NAME = AppIcon;
				DEVELOPMENT_TEAM = Z9289CTFX8;
				INFOPLIST_FILE = VOCoreText/Info.plist;
				LD_RUNPATH_SEARCH_PATHS = "$(inherited) @executable_path/Frameworks";
				PRODUCT_BUNDLE_IDENTIFIER = com.vincoorbis.VOCoreText;
				PRODUCT_NAME = "$(TARGET_NAME)";
				SWIFT_VERSION = 3.0;
			};
			name = Release;
		};
		CC0412DA1F17D14200E0A80C /* Debug */ = {
			isa = XCBuildConfiguration;
			buildSettings = {
				ALWAYS_EMBED_SWIFT_STANDARD_LIBRARIES = YES;
				BUNDLE_LOADER = "$(TEST_HOST)";
				DEVELOPMENT_TEAM = Z9289CTFX8;
				INFOPLIST_FILE = VOCoreTextTests/Info.plist;
				LD_RUNPATH_SEARCH_PATHS = "$(inherited) @executable_path/Frameworks @loader_path/Frameworks";
				PRODUCT_BUNDLE_IDENTIFIER = com.vincoorbis.VOCoreTextTests;
				PRODUCT_NAME = "$(TARGET_NAME)";
				SWIFT_VERSION = 3.0;
				TEST_HOST = "$(BUILT_PRODUCTS_DIR)/VOCoreText.app/VOCoreText";
			};
			name = Debug;
		};
		CC0412DB1F17D14200E0A80C /* Release */ = {
			isa = XCBuildConfiguration;
			buildSettings = {
				ALWAYS_EMBED_SWIFT_STANDARD_LIBRARIES = YES;
				BUNDLE_LOADER = "$(TEST_HOST)";
				DEVELOPMENT_TEAM = Z9289CTFX8;
				INFOPLIST_FILE = VOCoreTextTests/Info.plist;
				LD_RUNPATH_SEARCH_PATHS = "$(inherited) @executable_path/Frameworks @loader_path/Frameworks";
				PRODUCT_BUNDLE_IDENTIFIER = com.vincoorbis.VOCoreTextTests;
				PRODUCT_NAME = "$(TARGET_NAME)";
				SWIFT_VERSION = 3.0;
				TEST_HOST = "$(BUILT_PRODUCTS_DIR)/VOCoreText.app/VOCoreText";
			};
			name = Release;
		};
		CC0412DD1F17D14200E0A80C /* Debug */ = {
			isa = XCBuildConfiguration;
			buildSettings = {
				ALWAYS_EMBED_SWIFT_STANDARD_LIBRARIES = YES;
				DEVELOPMENT_TEAM = Z9289CTFX8;
				INFOPLIST_FILE = VOCoreTextUITests/Info.plist;
				LD_RUNPATH_SEARCH_PATHS = "$(inherited) @executable_path/Frameworks @loader_path/Frameworks";
				PRODUCT_BUNDLE_IDENTIFIER = com.vincoorbis.VOCoreTextUITests;
				PRODUCT_NAME = "$(TARGET_NAME)";
				SWIFT_VERSION = 3.0;
				TEST_TARGET_NAME = VOCoreText;
			};
			name = Debug;
		};
		CC0412DE1F17D14200E0A80C /* Release */ = {
			isa = XCBuildConfiguration;
			buildSettings = {
				ALWAYS_EMBED_SWIFT_STANDARD_LIBRARIES = YES;
				DEVELOPMENT_TEAM = Z9289CTFX8;
				INFOPLIST_FILE = VOCoreTextUITests/Info.plist;
				LD_RUNPATH_SEARCH_PATHS = "$(inherited) @executable_path/Frameworks @loader_path/Frameworks";
				PRODUCT_BUNDLE_IDENTIFIER = com.vincoorbis.VOCoreTextUITests;
				PRODUCT_NAME = "$(TARGET_NAME)";
				SWIFT_VERSION = 3.0;
				TEST_TARGET_NAME = VOCoreText;
			};
			name = Release;
		};
/* End XCBuildConfiguration section */

/* Begin XCConfigurationList section */
		CC0412A91F17D14200E0A80C /* Build configuration list for PBXProject "VOCoreText" */ = {
			isa = XCConfigurationList;
			buildConfigurations = (
				CC0412D41F17D14200E0A80C /* Debug */,
				CC0412D51F17D14200E0A80C /* Release */,
			);
			defaultConfigurationIsVisible = 0;
			defaultConfigurationName = Release;
		};
		CC0412D61F17D14200E0A80C /* Build configuration list for PBXNativeTarget "VOCoreText" */ = {
			isa = XCConfigurationList;
			buildConfigurations = (
				CC0412D71F17D14200E0A80C /* Debug */,
				CC0412D81F17D14200E0A80C /* Release */,
			);
			defaultConfigurationIsVisible = 0;
		};
		CC0412D91F17D14200E0A80C /* Build configuration list for PBXNativeTarget "VOCoreTextTests" */ = {
			isa = XCConfigurationList;
			buildConfigurations = (
				CC0412DA1F17D14200E0A80C /* Debug */,
				CC0412DB1F17D14200E0A80C /* Release */,
			);
			defaultConfigurationIsVisible = 0;
		};
		CC0412DC1F17D14200E0A80C /* Build configuration list for PBXNativeTarget "VOCoreTextUITests" */ = {
			isa = XCConfigurationList;
			buildConfigurations = (
				CC0412DD1F17D14200E0A80C /* Debug */,
				CC0412DE1F17D14200E0A80C /* Release */,
			);
			defaultConfigurationIsVisible = 0;
		};
/* End XCConfigurationList section */
	};
	rootObject = CC0412A61F17D14200E0A80C /* Project object */;
}
